// !$*UTF8*$!
{
	archiveVersion = 1;
	classes = {
	};
	objectVersion = 55;
	objects = {

/* Begin PBXBuildFile section */
		A42FA7012916FF3F009E12E2 /* routinimeApp.swift in Sources */ = {isa = PBXBuildFile; fileRef = A42FA7002916FF3F009E12E2 /* routinimeApp.swift */; };
		A42FA7052916FF3F009E12E2 /* Assets.xcassets in Resources */ = {isa = PBXBuildFile; fileRef = A42FA7042916FF3F009E12E2 /* Assets.xcassets */; };
		A42FA7082916FF3F009E12E2 /* Preview Assets.xcassets in Resources */ = {isa = PBXBuildFile; fileRef = A42FA7072916FF3F009E12E2 /* Preview Assets.xcassets */; };
		A42FA70A2916FF3F009E12E2 /* Persistence.swift in Sources */ = {isa = PBXBuildFile; fileRef = A42FA7092916FF3F009E12E2 /* Persistence.swift */; };
		A42FA70D2916FF3F009E12E2 /* routinime.xcdatamodeld in Sources */ = {isa = PBXBuildFile; fileRef = A42FA70B2916FF3F009E12E2 /* routinime.xcdatamodeld */; };
		A42FA71429170083009E12E2 /* QuizView.swift in Sources */ = {isa = PBXBuildFile; fileRef = A42FA71329170083009E12E2 /* QuizView.swift */; };
		A42FA71629171C8C009E12E2 /* QuizPackView.swift in Sources */ = {isa = PBXBuildFile; fileRef = A42FA71529171C8C009E12E2 /* QuizPackView.swift */; };
		A42FA75329171E77009E12E2 /* quizModel.swift in Sources */ = {isa = PBXBuildFile; fileRef = A42FA75229171E77009E12E2 /* quizModel.swift */; };
		A42FA755291735FB009E12E2 /* FInalView.swift in Sources */ = {isa = PBXBuildFile; fileRef = A42FA754291735FB009E12E2 /* FInalView.swift */; };
		A4D049C72917ADB10039BE37 /* ScheduleViews.swift in Sources */ = {isa = PBXBuildFile; fileRef = A4D049C62917ADB10039BE37 /* ScheduleViews.swift */; };
/* End PBXBuildFile section */

/* Begin PBXFileReference section */
		A42FA6FD2916FF3F009E12E2 /* routinime.app */ = {isa = PBXFileReference; explicitFileType = wrapper.application; includeInIndex = 0; path = routinime.app; sourceTree = BUILT_PRODUCTS_DIR; };
		A42FA7002916FF3F009E12E2 /* routinimeApp.swift */ = {isa = PBXFileReference; lastKnownFileType = sourcecode.swift; path = routinimeApp.swift; sourceTree = "<group>"; };
		A42FA7042916FF3F009E12E2 /* Assets.xcassets */ = {isa = PBXFileReference; lastKnownFileType = folder.assetcatalog; path = Assets.xcassets; sourceTree = "<group>"; };
		A42FA7072916FF3F009E12E2 /* Preview Assets.xcassets */ = {isa = PBXFileReference; lastKnownFileType = folder.assetcatalog; path = "Preview Assets.xcassets"; sourceTree = "<group>"; };
		A42FA7092916FF3F009E12E2 /* Persistence.swift */ = {isa = PBXFileReference; lastKnownFileType = sourcecode.swift; path = Persistence.swift; sourceTree = "<group>"; };
		A42FA70C2916FF3F009E12E2 /* routinime.xcdatamodel */ = {isa = PBXFileReference; lastKnownFileType = wrapper.xcdatamodel; path = routinime.xcdatamodel; sourceTree = "<group>"; };
		A42FA71329170083009E12E2 /* QuizView.swift */ = {isa = PBXFileReference; lastKnownFileType = sourcecode.swift; path = QuizView.swift; sourceTree = "<group>"; };
		A42FA71529171C8C009E12E2 /* QuizPackView.swift */ = {isa = PBXFileReference; lastKnownFileType = sourcecode.swift; path = QuizPackView.swift; sourceTree = "<group>"; };
		A42FA75229171E77009E12E2 /* quizModel.swift */ = {isa = PBXFileReference; lastKnownFileType = sourcecode.swift; path = quizModel.swift; sourceTree = "<group>"; };
		A42FA754291735FB009E12E2 /* FInalView.swift */ = {isa = PBXFileReference; lastKnownFileType = sourcecode.swift; path = FInalView.swift; sourceTree = "<group>"; };
		A4D049C62917ADB10039BE37 /* ScheduleViews.swift */ = {isa = PBXFileReference; lastKnownFileType = sourcecode.swift; path = ScheduleViews.swift; sourceTree = "<group>"; };
/* End PBXFileReference section */

/* Begin PBXFrameworksBuildPhase section */
		A42FA6FA2916FF3F009E12E2 /* Frameworks */ = {
			isa = PBXFrameworksBuildPhase;
			buildActionMask = 2147483647;
			files = (
			);
			runOnlyForDeploymentPostprocessing = 0;
		};
/* End PBXFrameworksBuildPhase section */

/* Begin PBXGroup section */
		A42FA6F42916FF3F009E12E2 = {
			isa = PBXGroup;
			children = (
				A42FA6FF2916FF3F009E12E2 /* routinime */,
				A42FA6FE2916FF3F009E12E2 /* Products */,
			);
			sourceTree = "<group>";
		};
		A42FA6FE2916FF3F009E12E2 /* Products */ = {
			isa = PBXGroup;
			children = (
				A42FA6FD2916FF3F009E12E2 /* routinime.app */,
			);
			name = Products;
			sourceTree = "<group>";
		};
		A42FA6FF2916FF3F009E12E2 /* routinime */ = {
			isa = PBXGroup;
			children = (
				A42FA7002916FF3F009E12E2 /* routinimeApp.swift */,
				A42FA71329170083009E12E2 /* QuizView.swift */,
				A42FA75229171E77009E12E2 /* quizModel.swift */,
				A42FA7042916FF3F009E12E2 /* Assets.xcassets */,
				A42FA7092916FF3F009E12E2 /* Persistence.swift */,
				A42FA70B2916FF3F009E12E2 /* routinime.xcdatamodeld */,
				A42FA7062916FF3F009E12E2 /* Preview Content */,
				A42FA71529171C8C009E12E2 /* QuizPackView.swift */,
				A42FA754291735FB009E12E2 /* FInalView.swift */,
				A4D049C62917ADB10039BE37 /* ScheduleViews.swift */,
			);
			path = routinime;
			sourceTree = "<group>";
		};
		A42FA7062916FF3F009E12E2 /* Preview Content */ = {
			isa = PBXGroup;
			children = (
				A42FA7072916FF3F009E12E2 /* Preview Assets.xcassets */,
			);
			path = "Preview Content";
			sourceTree = "<group>";
		};
/* End PBXGroup section */

/* Begin PBXNativeTarget section */
		A42FA6FC2916FF3F009E12E2 /* routinime */ = {
			isa = PBXNativeTarget;
			buildConfigurationList = A42FA7102916FF3F009E12E2 /* Build configuration list for PBXNativeTarget "routinime" */;
			buildPhases = (
				A42FA6F92916FF3F009E12E2 /* Sources */,
				A42FA6FA2916FF3F009E12E2 /* Frameworks */,
				A42FA6FB2916FF3F009E12E2 /* Resources */,
			);
			buildRules = (
			);
			dependencies = (
			);
			name = routinime;
			productName = routinime;
			productReference = A42FA6FD2916FF3F009E12E2 /* routinime.app */;
			productType = "com.apple.product-type.application";
		};
/* End PBXNativeTarget section */

/* Begin PBXProject section */
		A42FA6F52916FF3F009E12E2 /* Project object */ = {
			isa = PBXProject;
			attributes = {
				BuildIndependentTargetsInParallel = 1;
				LastSwiftUpdateCheck = 1340;
				LastUpgradeCheck = 1340;
				TargetAttributes = {
					A42FA6FC2916FF3F009E12E2 = {
						CreatedOnToolsVersion = 13.4.1;
					};
				};
			};
			buildConfigurationList = A42FA6F82916FF3F009E12E2 /* Build configuration list for PBXProject "routinime" */;
			compatibilityVersion = "Xcode 13.0";
			developmentRegion = en;
			hasScannedForEncodings = 0;
			knownRegions = (
				en,
				Base,
			);
			mainGroup = A42FA6F42916FF3F009E12E2;
			productRefGroup = A42FA6FE2916FF3F009E12E2 /* Products */;
			projectDirPath = "";
			projectRoot = "";
			targets = (
				A42FA6FC2916FF3F009E12E2 /* routinime */,
			);
		};
/* End PBXProject section */

/* Begin PBXResourcesBuildPhase section */
		A42FA6FB2916FF3F009E12E2 /* Resources */ = {
			isa = PBXResourcesBuildPhase;
			buildActionMask = 2147483647;
			files = (
				A42FA7082916FF3F009E12E2 /* Preview Assets.xcassets in Resources */,
				A42FA7052916FF3F009E12E2 /* Assets.xcassets in Resources */,
			);
			runOnlyForDeploymentPostprocessing = 0;
		};
/* End PBXResourcesBuildPhase section */

/* Begin PBXSourcesBuildPhase section */
		A42FA6F92916FF3F009E12E2 /* Sources */ = {
			isa = PBXSourcesBuildPhase;
			buildActionMask = 2147483647;
			files = (
				A42FA70A2916FF3F009E12E2 /* Persistence.swift in Sources */,
				A4D049C72917ADB10039BE37 /* ScheduleViews.swift in Sources */,
				A42FA71429170083009E12E2 /* QuizView.swift in Sources */,
				A42FA70D2916FF3F009E12E2 /* routinime.xcdatamodeld in Sources */,
				A42FA75329171E77009E12E2 /* quizModel.swift in Sources */,
				A42FA71629171C8C009E12E2 /* QuizPackView.swift in Sources */,
				A42FA7012916FF3F009E12E2 /* routinimeApp.swift in Sources */,
				A42FA755291735FB009E12E2 /* FInalView.swift in Sources */,
			);
			runOnlyForDeploymentPostprocessing = 0;
		};
/* End PBXSourcesBuildPhase section */

/* Begin XCBuildConfiguration section */
		A42FA70E2916FF3F009E12E2 /* Debug */ = {
			isa = XCBuildConfiguration;
			buildSettings = {
				ALWAYS_SEARCH_USER_PATHS = NO;
				CLANG_ANALYZER_NONNULL = YES;
				CLANG_ANALYZER_NUMBER_OBJECT_CONVERSION = YES_AGGRESSIVE;
				CLANG_CXX_LANGUAGE_STANDARD = "gnu++17";
				CLANG_ENABLE_MODULES = YES;
				CLANG_ENABLE_OBJC_ARC = YES;
				CLANG_ENABLE_OBJC_WEAK = YES;
				CLANG_WARN_BLOCK_CAPTURE_AUTORELEASING = YES;
				CLANG_WARN_BOOL_CONVERSION = YES;
				CLANG_WARN_COMMA = YES;
				CLANG_WARN_CONSTANT_CONVERSION = YES;
				CLANG_WARN_DEPRECATED_OBJC_IMPLEMENTATIONS = YES;
				CLANG_WARN_DIRECT_OBJC_ISA_USAGE = YES_ERROR;
				CLANG_WARN_DOCUMENTATION_COMMENTS = YES;
				CLANG_WARN_EMPTY_BODY = YES;
				CLANG_WARN_ENUM_CONVERSION = YES;
				CLANG_WARN_INFINITE_RECURSION = YES;
				CLANG_WARN_INT_CONVERSION = YES;
				CLANG_WARN_NON_LITERAL_NULL_CONVERSION = YES;
				CLANG_WARN_OBJC_IMPLICIT_RETAIN_SELF = YES;
				CLANG_WARN_OBJC_LITERAL_CONVERSION = YES;
				CLANG_WARN_OBJC_ROOT_CLASS = YES_ERROR;
				CLANG_WARN_QUOTED_INCLUDE_IN_FRAMEWORK_HEADER = YES;
				CLANG_WARN_RANGE_LOOP_ANALYSIS = YES;
				CLANG_WARN_STRICT_PROTOTYPES = YES;
				CLANG_WARN_SUSPICIOUS_MOVE = YES;
				CLANG_WARN_UNGUARDED_AVAILABILITY = YES_AGGRESSIVE;
				CLANG_WARN_UNREACHABLE_CODE = YES;
				CLANG_WARN__DUPLICATE_METHOD_MATCH = YES;
				COPY_PHASE_STRIP = NO;
				DEBUG_INFORMATION_FORMAT = dwarf;
				ENABLE_STRICT_OBJC_MSGSEND = YES;
				ENABLE_TESTABILITY = YES;
				GCC_C_LANGUAGE_STANDARD = gnu11;
				GCC_DYNAMIC_NO_PIC = NO;
				GCC_NO_COMMON_BLOCKS = YES;
				GCC_OPTIMIZATION_LEVEL = 0;
				GCC_PREPROCESSOR_DEFINITIONS = (
					"DEBUG=1",
					"$(inherited)",
				);
				GCC_WARN_64_TO_32_BIT_CONVERSION = YES;
				GCC_WARN_ABOUT_RETURN_TYPE = YES_ERROR;
				GCC_WARN_UNDECLARED_SELECTOR = YES;
				GCC_WARN_UNINITIALIZED_AUTOS = YES_AGGRESSIVE;
				GCC_WARN_UNUSED_FUNCTION = YES;
				GCC_WARN_UNUSED_VARIABLE = YES;
				IPHONEOS_DEPLOYMENT_TARGET = 15.5;
				MTL_ENABLE_DEBUG_INFO = INCLUDE_SOURCE;
				MTL_FAST_MATH = YES;
				ONLY_ACTIVE_ARCH = YES;
				SDKROOT = iphoneos;
				SWIFT_ACTIVE_COMPILATION_CONDITIONS = DEBUG;
				SWIFT_OPTIMIZATION_LEVEL = "-Onone";
			};
			name = Debug;
		};
		A42FA70F2916FF3F009E12E2 /* Release */ = {
			isa = XCBuildConfiguration;
			buildSettings = {
				ALWAYS_SEARCH_USER_PATHS = NO;
				CLANG_ANALYZER_NONNULL = YES;
				CLANG_ANALYZER_NUMBER_OBJECT_CONVERSION = YES_AGGRESSIVE;
				CLANG_CXX_LANGUAGE_STANDARD = "gnu++17";
				CLANG_ENABLE_MODULES = YES;
				CLANG_ENABLE_OBJC_ARC = YES;
				CLANG_ENABLE_OBJC_WEAK = YES;
				CLANG_WARN_BLOCK_CAPTURE_AUTORELEASING = YES;
				CLANG_WARN_BOOL_CONVERSION = YES;
				CLANG_WARN_COMMA = YES;
				CLANG_WARN_CONSTANT_CONVERSION = YES;
				CLANG_WARN_DEPRECATED_OBJC_IMPLEMENTATIONS = YES;
				CLANG_WARN_DIRECT_OBJC_ISA_USAGE = YES_ERROR;
				CLANG_WARN_DOCUMENTATION_COMMENTS = YES;
				CLANG_WARN_EMPTY_BODY = YES;
				CLANG_WARN_ENUM_CONVERSION = YES;
				CLANG_WARN_INFINITE_RECURSION = YES;
				CLANG_WARN_INT_CONVERSION = YES;
				CLANG_WARN_NON_LITERAL_NULL_CONVERSION = YES;
				CLANG_WARN_OBJC_IMPLICIT_RETAIN_SELF = YES;
				CLANG_WARN_OBJC_LITERAL_CONVERSION = YES;
				CLANG_WARN_OBJC_ROOT_CLASS = YES_ERROR;
				CLANG_WARN_QUOTED_INCLUDE_IN_FRAMEWORK_HEADER = YES;
				CLANG_WARN_RANGE_LOOP_ANALYSIS = YES;
				CLANG_WARN_STRICT_PROTOTYPES = YES;
				CLANG_WARN_SUSPICIOUS_MOVE = YES;
				CLANG_WARN_UNGUARDED_AVAILABILITY = YES_AGGRESSIVE;
				CLANG_WARN_UNREACHABLE_CODE = YES;
				CLANG_WARN__DUPLICATE_METHOD_MATCH = YES;
				COPY_PHASE_STRIP = NO;
				DEBUG_INFORMATION_FORMAT = "dwarf-with-dsym";
				ENABLE_NS_ASSERTIONS = NO;
				ENABLE_STRICT_OBJC_MSGSEND = YES;
				GCC_C_LANGUAGE_STANDARD = gnu11;
				GCC_NO_COMMON_BLOCKS = YES;
				GCC_WARN_64_TO_32_BIT_CONVERSION = YES;
				GCC_WARN_ABOUT_RETURN_TYPE = YES_ERROR;
				GCC_WARN_UNDECLARED_SELECTOR = YES;
				GCC_WARN_UNINITIALIZED_AUTOS = YES_AGGRESSIVE;
				GCC_WARN_UNUSED_FUNCTION = YES;
				GCC_WARN_UNUSED_VARIABLE = YES;
				IPHONEOS_DEPLOYMENT_TARGET = 15.5;
				MTL_ENABLE_DEBUG_INFO = NO;
				MTL_FAST_MATH = YES;
				SDKROOT = iphoneos;
				SWIFT_COMPILATION_MODE = wholemodule;
				SWIFT_OPTIMIZATION_LEVEL = "-O";
				VALIDATE_PRODUCT = YES;
			};
			name = Release;
		};
		A42FA7112916FF3F009E12E2 /* Debug */ = {
			isa = XCBuildConfiguration;
			buildSettings = {
				ASSETCATALOG_COMPILER_APPICON_NAME = AppIcon;
				ASSETCATALOG_COMPILER_GLOBAL_ACCENT_COLOR_NAME = AccentColor;
				CODE_SIGN_STYLE = Automatic;
				CURRENT_PROJECT_VERSION = 1;
				DEVELOPMENT_ASSET_PATHS = "\"routinime/Preview Content\"";
				DEVELOPMENT_TEAM = 57Q4FU62M9;
				ENABLE_PREVIEWS = YES;
				GENERATE_INFOPLIST_FILE = YES;
				INFOPLIST_KEY_UIApplicationSceneManifest_Generation = YES;
				INFOPLIST_KEY_UIApplicationSupportsIndirectInputEvents = YES;
				INFOPLIST_KEY_UILaunchScreen_Generation = YES;
				INFOPLIST_KEY_UISupportedInterfaceOrientations_iPad = "UIInterfaceOrientationPortrait UIInterfaceOrientationPortraitUpsideDown UIInterfaceOrientationLandscapeLeft UIInterfaceOrientationLandscapeRight";
				INFOPLIST_KEY_UISupportedInterfaceOrientations_iPhone = "UIInterfaceOrientationPortrait UIInterfaceOrientationLandscapeLeft UIInterfaceOrientationLandscapeRight";
				LD_RUNPATH_SEARCH_PATHS = (
					"$(inherited)",
					"@executable_path/Frameworks",
				);
				MARKETING_VERSION = 1.0;
				PRODUCT_BUNDLE_IDENTIFIER = com.prasiaravind.routinime;
				PRODUCT_NAME = "$(TARGET_NAME)";
				SWIFT_EMIT_LOC_STRINGS = YES;
				SWIFT_VERSION = 5.0;
				TARGETED_DEVICE_FAMILY = "1,2";
			};
			name = Debug;
		};
		A42FA7122916FF3F009E12E2 /* Release */ = {
			isa = XCBuildConfiguration;
			buildSettings = {
				ASSETCATALOG_COMPILER_APPICON_NAME = AppIcon;
				ASSETCATALOG_COMPILER_GLOBAL_ACCENT_COLOR_NAME = AccentColor;
				CODE_SIGN_STYLE = Automatic;
				CURRENT_PROJECT_VERSION = 1;
				DEVELOPMENT_ASSET_PATHS = "\"routinime/Preview Content\"";
				DEVELOPMENT_TEAM = 57Q4FU62M9;
				ENABLE_PREVIEWS = YES;
				GENERATE_INFOPLIST_FILE = YES;
				INFOPLIST_KEY_UIApplicationSceneManifest_Generation = YES;
				INFOPLIST_KEY_UIApplicationSupportsIndirectInputEvents = YES;
				INFOPLIST_KEY_UILaunchScreen_Generation = YES;
				INFOPLIST_KEY_UISupportedInterfaceOrientations_iPad = "UIInterfaceOrientationPortrait UIInterfaceOrientationPortraitUpsideDown UIInterfaceOrientationLandscapeLeft UIInterfaceOrientationLandscapeRight";
				INFOPLIST_KEY_UISupportedInterfaceOrientations_iPhone = "UIInterfaceOrientationPortrait UIInterfaceOrientationLandscapeLeft UIInterfaceOrientationLandscapeRight";
				LD_RUNPATH_SEARCH_PATHS = (
					"$(inherited)",
					"@executable_path/Frameworks",
				);
				MARKETING_VERSION = 1.0;
				PRODUCT_BUNDLE_IDENTIFIER = com.prasiaravind.routinime;
				PRODUCT_NAME = "$(TARGET_NAME)";
				SWIFT_EMIT_LOC_STRINGS = YES;
				SWIFT_VERSION = 5.0;
				TARGETED_DEVICE_FAMILY = "1,2";
			};
			name = Release;
		};
/* End XCBuildConfiguration section */

/* Begin XCConfigurationList section */
		A42FA6F82916FF3F009E12E2 /* Build configuration list for PBXProject "routinime" */ = {
			isa = XCConfigurationList;
			buildConfigurations = (
				A42FA70E2916FF3F009E12E2 /* Debug */,
				A42FA70F2916FF3F009E12E2 /* Release */,
			);
			defaultConfigurationIsVisible = 0;
			defaultConfigurationName = Release;
		};
		A42FA7102916FF3F009E12E2 /* Build configuration list for PBXNativeTarget "routinime" */ = {
			isa = XCConfigurationList;
			buildConfigurations = (
				A42FA7112916FF3F009E12E2 /* Debug */,
				A42FA7122916FF3F009E12E2 /* Release */,
			);
			defaultConfigurationIsVisible = 0;
			defaultConfigurationName = Release;
		};
/* End XCConfigurationList section */

/* Begin XCVersionGroup section */
		A42FA70B2916FF3F009E12E2 /* routinime.xcdatamodeld */ = {
			isa = XCVersionGroup;
			children = (
				A42FA70C2916FF3F009E12E2 /* routinime.xcdatamodel */,
			);
			currentVersion = A42FA70C2916FF3F009E12E2 /* routinime.xcdatamodel */;
			path = routinime.xcdatamodeld;
			sourceTree = "<group>";
			versionGroupType = wrapper.xcdatamodel;
		};
/* End XCVersionGroup section */
	};
	rootObject = A42FA6F52916FF3F009E12E2 /* Project object */;
}
